
Microsoft Visual Studio Solution File, Format Version 12.00
Project("{FAE04EC0-301F-11D3-BF4B-00C04F79EFBC}") = "LocalRelay", "LocalRelay\LocalRelay.csproj", "{04AB8D81-793D-4C06-8827-55971740C045}"
EndProject
Global
	GlobalSection(SolutionConfigurationPlatforms) = preSolution
		Release-Photino|Any CPU = Release-Photino|Any CPU
		Debug-Photino|Any CPU = Debug-Photino|Any CPU
		Release-Windows|Any CPU = Release-Windows|Any CPU
		Release-Web|Any CPU = Release-Web|Any CPU
		Debug-Web|Any CPU = Debug-Web|Any CPU
		Debug-Windows|Any CPU = Debug-Windows|Any CPU
	EndGlobalSection
	GlobalSection(ProjectConfigurationPlatforms) = postSolution
		{04AB8D81-793D-4C06-8827-55971740C045}.Release-Photino|Any CPU.ActiveCfg = Release-Photino|Any CPU
		{04AB8D81-793D-4C06-8827-55971740C045}.Release-Photino|Any CPU.Build.0 = Release-Photino|Any CPU
		{04AB8D81-793D-4C06-8827-55971740C045}.Debug-Photino|Any CPU.ActiveCfg = Debug-Photino|Any CPU
		{04AB8D81-793D-4C06-8827-55971740C045}.Debug-Photino|Any CPU.Build.0 = Debug-Photino|Any CPU
		{04AB8D81-793D-4C06-8827-55971740C045}.Release-Windows|Any CPU.ActiveCfg = Release-Windows|Any CPU
		{04AB8D81-793D-4C06-8827-55971740C045}.Release-Windows|Any CPU.Build.0 = Release-Windows|Any CPU
		{04AB8D81-793D-4C06-8827-55971740C045}.Release-Web|Any CPU.ActiveCfg = Release-Web|Any CPU
		{04AB8D81-793D-4C06-8827-55971740C045}.Release-Web|Any CPU.Build.0 = Release-Web|Any CPU
		{04AB8D81-793D-4C06-8827-55971740C045}.Debug-Web|Any CPU.ActiveCfg = Debug-Web|Any CPU
		{04AB8D81-793D-4C06-8827-55971740C045}.Debug-Web|Any CPU.Build.0 = Debug-Web|Any CPU
		{04AB8D81-793D-4C06-8827-55971740C045}.Debug-Windows|Any CPU.ActiveCfg = Debug-Windows|Any CPU
		{04AB8D81-793D-4C06-8827-55971740C045}.Debug-Windows|Any CPU.Build.0 = Debug-Windows|Any CPU
	EndGlobalSection
EndGlobal
